
Microsoft Visual Studio Solution File, Format Version 12.00
# Visual Studio Version 17
VisualStudioVersion = 17.1.32210.238
MinimumVisualStudioVersion = 10.0.40219.1
Project("{FAE04EC0-301F-11D3-BF4B-00C04F79EFBC}") = "Getting_Employee_Details", "Getting_Employee_Details\Getting_Employee_Details.csproj", "{8333F9C4-0F7D-4354-BE97-A9E487157A59}"
EndProject
Global
	GlobalSection(SolutionConfigurationPlatforms) = preSolution
		Debug|Any CPU = Debug|Any CPU
		Release|Any CPU = Release|Any CPU
	EndGlobalSection
	GlobalSection(ProjectConfigurationPlatforms) = postSolution
		{8333F9C4-0F7D-4354-BE97-A9E487157A59}.Debug|Any CPU.ActiveCfg = Debug|Any CPU
		{8333F9C4-0F7D-4354-BE97-A9E487157A59}.Debug|Any CPU.Build.0 = Debug|Any CPU
		{8333F9C4-0F7D-4354-BE97-A9E487157A59}.Release|Any CPU.ActiveCfg = Release|Any CPU
		{8333F9C4-0F7D-4354-BE97-A9E487157A59}.Release|Any CPU.Build.0 = Release|Any CPU
	EndGlobalSection
	GlobalSection(SolutionProperties) = preSolution
		HideSolutionNode = FALSE
	EndGlobalSection
	GlobalSection(ExtensibilityGlobals) = postSolution
		SolutionGuid = {8DD711C7-9D19-4A94-8DEA-2F6FD0FDCE41}
	EndGlobalSection
EndGlobal
